// !$*UTF8*$!
{
	archiveVersion = 1;
	classes = {
	};
	objectVersion = 51;
	objects = {

/* Begin PBXBuildFile section */
		72F0464E0CC248A85871ED68 /* libPods-ZHYNSTimerDemo.a in Frameworks */ = {isa = PBXBuildFile; fileRef = B95CF7326605D632FF6F6271 /* libPods-ZHYNSTimerDemo.a */; };
		F9D3092622F3B07E009B2A7A /* AppDelegate.m in Sources */ = {isa = PBXBuildFile; fileRef = F9D3092522F3B07E009B2A7A /* AppDelegate.m */; };
		F9D3092922F3B07E009B2A7A /* ViewController.m in Sources */ = {isa = PBXBuildFile; fileRef = F9D3092822F3B07E009B2A7A /* ViewController.m */; };
		F9D3092C22F3B07E009B2A7A /* Main.storyboard in Resources */ = {isa = PBXBuildFile; fileRef = F9D3092A22F3B07E009B2A7A /* Main.storyboard */; };
		F9D3092E22F3B07F009B2A7A /* Assets.xcassets in Resources */ = {isa = PBXBuildFile; fileRef = F9D3092D22F3B07F009B2A7A /* Assets.xcassets */; };
		F9D3093122F3B07F009B2A7A /* LaunchScreen.storyboard in Resources */ = {isa = PBXBuildFile; fileRef = F9D3092F22F3B07F009B2A7A /* LaunchScreen.storyboard */; };
		F9D3093422F3B07F009B2A7A /* main.m in Sources */ = {isa = PBXBuildFile; fileRef = F9D3093322F3B07F009B2A7A /* main.m */; };
		F9D3094322F3E183009B2A7A /* SecondViewController.m in Sources */ = {isa = PBXBuildFile; fileRef = F9D3094122F3E183009B2A7A /* SecondViewController.m */; };
		F9D3094422F3E183009B2A7A /* SecondViewController.xib in Resources */ = {isa = PBXBuildFile; fileRef = F9D3094222F3E183009B2A7A /* SecondViewController.xib */; };
		F9D3094B22F3EAF4009B2A7A /* ThirdViewController.m in Sources */ = {isa = PBXBuildFile; fileRef = F9D3094922F3EAF4009B2A7A /* ThirdViewController.m */; };
		F9D3094C22F3EAF4009B2A7A /* ThirdViewController.xib in Resources */ = {isa = PBXBuildFile; fileRef = F9D3094A22F3EAF4009B2A7A /* ThirdViewController.xib */; };
/* End PBXBuildFile section */

/* Begin PBXFileReference section */
		1C4B2410B99DC2E489133E50 /* Pods-ZHYNSTimerDemo.release.xcconfig */ = {isa = PBXFileReference; includeInIndex = 1; lastKnownFileType = text.xcconfig; name = "Pods-ZHYNSTimerDemo.release.xcconfig"; path = "Target Support Files/Pods-ZHYNSTimerDemo/Pods-ZHYNSTimerDemo.release.xcconfig"; sourceTree = "<group>"; };
		81603795F6E08C8C320257A1 /* Pods-ZHYNSTimerDemo.debug.xcconfig */ = {isa = PBXFileReference; includeInIndex = 1; lastKnownFileType = text.xcconfig; name = "Pods-ZHYNSTimerDemo.debug.xcconfig"; path = "Target Support Files/Pods-ZHYNSTimerDemo/Pods-ZHYNSTimerDemo.debug.xcconfig"; sourceTree = "<group>"; };
		B95CF7326605D632FF6F6271 /* libPods-ZHYNSTimerDemo.a */ = {isa = PBXFileReference; explicitFileType = archive.ar; includeInIndex = 0; path = "libPods-ZHYNSTimerDemo.a"; sourceTree = BUILT_PRODUCTS_DIR; };
		F9D3092122F3B07E009B2A7A /* ZHYNSTimerDemo.app */ = {isa = PBXFileReference; explicitFileType = wrapper.application; includeInIndex = 0; path = ZHYNSTimerDemo.app; sourceTree = BUILT_PRODUCTS_DIR; };
		F9D3092422F3B07E009B2A7A /* AppDelegate.h */ = {isa = PBXFileReference; lastKnownFileType = sourcecode.c.h; path = AppDelegate.h; sourceTree = "<group>"; };
		F9D3092522F3B07E009B2A7A /* AppDelegate.m */ = {isa = PBXFileReference; lastKnownFileType = sourcecode.c.objc; path = AppDelegate.m; sourceTree = "<group>"; };
		F9D3092722F3B07E009B2A7A /* ViewController.h */ = {isa = PBXFileReference; lastKnownFileType = sourcecode.c.h; path = ViewController.h; sourceTree = "<group>"; };
		F9D3092822F3B07E009B2A7A /* ViewController.m */ = {isa = PBXFileReference; lastKnownFileType = sourcecode.c.objc; path = ViewController.m; sourceTree = "<group>"; };
		F9D3092B22F3B07E009B2A7A /* Base */ = {isa = PBXFileReference; lastKnownFileType = file.storyboard; name = Base; path = Base.lproj/Main.storyboard; sourceTree = "<group>"; };
		F9D3092D22F3B07F009B2A7A /* Assets.xcassets */ = {isa = PBXFileReference; lastKnownFileType = folder.assetcatalog; path = Assets.xcassets; sourceTree = "<group>"; };
		F9D3093022F3B07F009B2A7A /* Base */ = {isa = PBXFileReference; lastKnownFileType = file.storyboard; name = Base; path = Base.lproj/LaunchScreen.storyboard; sourceTree = "<group>"; };
		F9D3093222F3B07F009B2A7A /* Info.plist */ = {isa = PBXFileReference; lastKnownFileType = text.plist.xml; path = Info.plist; sourceTree = "<group>"; };
		F9D3093322F3B07F009B2A7A /* main.m */ = {isa = PBXFileReference; lastKnownFileType = sourcecode.c.objc; path = main.m; sourceTree = "<group>"; };
		F9D3094022F3E183009B2A7A /* SecondViewController.h */ = {isa = PBXFileReference; lastKnownFileType = sourcecode.c.h; path = SecondViewController.h; sourceTree = "<group>"; };
		F9D3094122F3E183009B2A7A /* SecondViewController.m */ = {isa = PBXFileReference; lastKnownFileType = sourcecode.c.objc; path = SecondViewController.m; sourceTree = "<group>"; };
		F9D3094222F3E183009B2A7A /* SecondViewController.xib */ = {isa = PBXFileReference; lastKnownFileType = file.xib; path = SecondViewController.xib; sourceTree = "<group>"; };
		F9D3094822F3EAF4009B2A7A /* ThirdViewController.h */ = {isa = PBXFileReference; lastKnownFileType = sourcecode.c.h; path = ThirdViewController.h; sourceTree = "<group>"; };
		F9D3094922F3EAF4009B2A7A /* ThirdViewController.m */ = {isa = PBXFileReference; lastKnownFileType = sourcecode.c.objc; path = ThirdViewController.m; sourceTree = "<group>"; };
		F9D3094A22F3EAF4009B2A7A /* ThirdViewController.xib */ = {isa = PBXFileReference; lastKnownFileType = file.xib; path = ThirdViewController.xib; sourceTree = "<group>"; };
/* End PBXFileReference section */

/* Begin PBXFrameworksBuildPhase section */
		F9D3091E22F3B07E009B2A7A /* Frameworks */ = {
			isa = PBXFrameworksBuildPhase;
			buildActionMask = 2147483647;
			files = (
				72F0464E0CC248A85871ED68 /* libPods-ZHYNSTimerDemo.a in Frameworks */,
			);
			runOnlyForDeploymentPostprocessing = 0;
		};
/* End PBXFrameworksBuildPhase section */

/* Begin PBXGroup section */
		4478E43655118CBBB609A052 /* Pods */ = {
			isa = PBXGroup;
			children = (
				81603795F6E08C8C320257A1 /* Pods-ZHYNSTimerDemo.debug.xcconfig */,
				1C4B2410B99DC2E489133E50 /* Pods-ZHYNSTimerDemo.release.xcconfig */,
			);
			path = Pods;
			sourceTree = "<group>";
		};
		BBBAF937B175DFC99A830401 /* Frameworks */ = {
			isa = PBXGroup;
			children = (
				B95CF7326605D632FF6F6271 /* libPods-ZHYNSTimerDemo.a */,
			);
			name = Frameworks;
			sourceTree = "<group>";
		};
		F9D3091822F3B07E009B2A7A = {
			isa = PBXGroup;
			children = (
				F9D3092322F3B07E009B2A7A /* ZHYNSTimerDemo */,
				F9D3092222F3B07E009B2A7A /* Products */,
				4478E43655118CBBB609A052 /* Pods */,
				BBBAF937B175DFC99A830401 /* Frameworks */,
			);
			sourceTree = "<group>";
		};
		F9D3092222F3B07E009B2A7A /* Products */ = {
			isa = PBXGroup;
			children = (
				F9D3092122F3B07E009B2A7A /* ZHYNSTimerDemo.app */,
			);
			name = Products;
			sourceTree = "<group>";
		};
		F9D3092322F3B07E009B2A7A /* ZHYNSTimerDemo */ = {
			isa = PBXGroup;
			children = (
				F9D3092422F3B07E009B2A7A /* AppDelegate.h */,
				F9D3092522F3B07E009B2A7A /* AppDelegate.m */,
				F9D3092722F3B07E009B2A7A /* ViewController.h */,
				F9D3092822F3B07E009B2A7A /* ViewController.m */,
				F9D3094022F3E183009B2A7A /* SecondViewController.h */,
				F9D3094122F3E183009B2A7A /* SecondViewController.m */,
				F9D3094222F3E183009B2A7A /* SecondViewController.xib */,
				F9D3094822F3EAF4009B2A7A /* ThirdViewController.h */,
				F9D3094922F3EAF4009B2A7A /* ThirdViewController.m */,
				F9D3094A22F3EAF4009B2A7A /* ThirdViewController.xib */,
				F9D3092A22F3B07E009B2A7A /* Main.storyboard */,
				F9D3092D22F3B07F009B2A7A /* Assets.xcassets */,
				F9D3092F22F3B07F009B2A7A /* LaunchScreen.storyboard */,
				F9D3093222F3B07F009B2A7A /* Info.plist */,
				F9D3093322F3B07F009B2A7A /* main.m */,
			);
			path = ZHYNSTimerDemo;
			sourceTree = "<group>";
		};
/* End PBXGroup section */

/* Begin PBXNativeTarget section */
		F9D3092022F3B07E009B2A7A /* ZHYNSTimerDemo */ = {
			isa = PBXNativeTarget;
			buildConfigurationList = F9D3093722F3B07F009B2A7A /* Build configuration list for PBXNativeTarget "ZHYNSTimerDemo" */;
			buildPhases = (
				24522A03820F069588A2512B /* [CP] Check Pods Manifest.lock */,
				F9D3091D22F3B07E009B2A7A /* Sources */,
				F9D3091E22F3B07E009B2A7A /* Frameworks */,
				F9D3091F22F3B07E009B2A7A /* Resources */,
			);
			buildRules = (
			);
			dependencies = (
			);
			name = ZHYNSTimerDemo;
			productName = ZHYNSTimerDemo;
			productReference = F9D3092122F3B07E009B2A7A /* ZHYNSTimerDemo.app */;
			productType = "com.apple.product-type.application";
		};
/* End PBXNativeTarget section */

/* Begin PBXProject section */
		F9D3091922F3B07E009B2A7A /* Project object */ = {
			isa = PBXProject;
			attributes = {
				LastUpgradeCheck = 1020;
				ORGANIZATIONNAME = "赵宏亚";
				TargetAttributes = {
					F9D3092022F3B07E009B2A7A = {
						CreatedOnToolsVersion = 10.2.1;
					};
				};
			};
			buildConfigurationList = F9D3091C22F3B07E009B2A7A /* Build configuration list for PBXProject "ZHYNSTimerDemo" */;
			compatibilityVersion = "Xcode 9.3";
			developmentRegion = en;
			hasScannedForEncodings = 0;
			knownRegions = (
				en,
				Base,
			);
			mainGroup = F9D3091822F3B07E009B2A7A;
			productRefGroup = F9D3092222F3B07E009B2A7A /* Products */;
			projectDirPath = "";
			projectRoot = "";
			targets = (
				F9D3092022F3B07E009B2A7A /* ZHYNSTimerDemo */,
			);
		};
/* End PBXProject section */

/* Begin PBXResourcesBuildPhase section */
		F9D3091F22F3B07E009B2A7A /* Resources */ = {
			isa = PBXResourcesBuildPhase;
			buildActionMask = 2147483647;
			files = (
				F9D3094422F3E183009B2A7A /* SecondViewController.xib in Resources */,
				F9D3093122F3B07F009B2A7A /* LaunchScreen.storyboard in Resources */,
				F9D3092E22F3B07F009B2A7A /* Assets.xcassets in Resources */,
				F9D3094C22F3EAF4009B2A7A /* ThirdViewController.xib in Resources */,
				F9D3092C22F3B07E009B2A7A /* Main.storyboard in Resources */,
			);
			runOnlyForDeploymentPostprocessing = 0;
		};
/* End PBXResourcesBuildPhase section */

/* Begin PBXShellScriptBuildPhase section */
		24522A03820F069588A2512B /* [CP] Check Pods Manifest.lock */ = {
			isa = PBXShellScriptBuildPhase;
			buildActionMask = 2147483647;
			files = (
			);
			inputFileListPaths = (
			);
			inputPaths = (
				"${PODS_PODFILE_DIR_PATH}/Podfile.lock",
				"${PODS_ROOT}/Manifest.lock",
			);
			name = "[CP] Check Pods Manifest.lock";
			outputFileListPaths = (
			);
			outputPaths = (
				"$(DERIVED_FILE_DIR)/Pods-ZHYNSTimerDemo-checkManifestLockResult.txt",
			);
			runOnlyForDeploymentPostprocessing = 0;
			shellPath = /bin/sh;
			shellScript = "diff \"${PODS_PODFILE_DIR_PATH}/Podfile.lock\" \"${PODS_ROOT}/Manifest.lock\" > /dev/null\nif [ $? != 0 ] ; then\n    # print error to STDERR\n    echo \"error: The sandbox is not in sync with the Podfile.lock. Run 'pod install' or update your CocoaPods installation.\" >&2\n    exit 1\nfi\n# This output is used by Xcode 'outputs' to avoid re-running this script phase.\necho \"SUCCESS\" > \"${SCRIPT_OUTPUT_FILE_0}\"\n";
			showEnvVarsInLog = 0;
		};
/* End PBXShellScriptBuildPhase section */

/* Begin PBXSourcesBuildPhase section */
		F9D3091D22F3B07E009B2A7A /* Sources */ = {
			isa = PBXSourcesBuildPhase;
			buildActionMask = 2147483647;
			files = (
				F9D3094322F3E183009B2A7A /* SecondViewController.m in Sources */,
				F9D3092922F3B07E009B2A7A /* ViewController.m in Sources */,
				F9D3093422F3B07F009B2A7A /* main.m in Sources */,
				F9D3092622F3B07E009B2A7A /* AppDelegate.m in Sources */,
				F9D3094B22F3EAF4009B2A7A /* ThirdViewController.m in Sources */,
			);
			runOnlyForDeploymentPostprocessing = 0;
		};
/* End PBXSourcesBuildPhase section */

/* Begin PBXVariantGroup section */
		F9D3092A22F3B07E009B2A7A /* Main.storyboard */ = {
			isa = PBXVariantGroup;
			children = (
				F9D3092B22F3B07E009B2A7A /* Base */,
			);
			name = Main.storyboard;
			sourceTree = "<group>";
		};
		F9D3092F22F3B07F009B2A7A /* LaunchScreen.storyboard */ = {
			isa = PBXVariantGroup;
			children = (
				F9D3093022F3B07F009B2A7A /* Base */,
			);
			name = LaunchScreen.storyboard;
			sourceTree = "<group>";
		};
/* End PBXVariantGroup section */

/* Begin XCBuildConfiguration section */
		F9D3093522F3B07F009B2A7A /* Debug */ = {
			isa = XCBuildConfiguration;
			buildSettings = {
				ALWAYS_SEARCH_USER_PATHS = NO;
				CLANG_ANALYZER_NONNULL = YES;
				CLANG_ANALYZER_NUMBER_OBJECT_CONVERSION = YES_AGGRESSIVE;
				CLANG_CXX_LANGUAGE_STANDARD = "gnu++14";
				CLANG_CXX_LIBRARY = "libc++";
				CLANG_ENABLE_MODULES = YES;
				CLANG_ENABLE_OBJC_ARC = YES;
				CLANG_ENABLE_OBJC_WEAK = YES;
				CLANG_WARN_BLOCK_CAPTURE_AUTORELEASING = YES;
				CLANG_WARN_BOOL_CONVERSION = YES;
				CLANG_WARN_COMMA = YES;
				CLANG_WARN_CONSTANT_CONVERSION = YES;
				CLANG_WARN_DEPRECATED_OBJC_IMPLEMENTATIONS = YES;
				CLANG_WARN_DIRECT_OBJC_ISA_USAGE = YES_ERROR;
				CLANG_WARN_DOCUMENTATION_COMMENTS = YES;
				CLANG_WARN_EMPTY_BODY = YES;
				CLANG_WARN_ENUM_CONVERSION = YES;
				CLANG_WARN_INFINITE_RECURSION = YES;
				CLANG_WARN_INT_CONVERSION = YES;
				CLANG_WARN_NON_LITERAL_NULL_CONVERSION = YES;
				CLANG_WARN_OBJC_IMPLICIT_RETAIN_SELF = YES;
				CLANG_WARN_OBJC_LITERAL_CONVERSION = YES;
				CLANG_WARN_OBJC_ROOT_CLASS = YES_ERROR;
				CLANG_WARN_RANGE_LOOP_ANALYSIS = YES;
				CLANG_WARN_STRICT_PROTOTYPES = YES;
				CLANG_WARN_SUSPICIOUS_MOVE = YES;
				CLANG_WARN_UNGUARDED_AVAILABILITY = YES_AGGRESSIVE;
				CLANG_WARN_UNREACHABLE_CODE = YES;
				CLANG_WARN__DUPLICATE_METHOD_MATCH = YES;
				CODE_SIGN_IDENTITY = "iPhone Developer";
				COPY_PHASE_STRIP = NO;
				DEBUG_INFORMATION_FORMAT = dwarf;
				ENABLE_STRICT_OBJC_MSGSEND = YES;
				ENABLE_TESTABILITY = YES;
				GCC_C_LANGUAGE_STANDARD = gnu11;
				GCC_DYNAMIC_NO_PIC = NO;
				GCC_NO_COMMON_BLOCKS = YES;
				GCC_OPTIMIZATION_LEVEL = 0;
				GCC_PREPROCESSOR_DEFINITIONS = (
					"DEBUG=1",
					"$(inherited)",
				);
				GCC_WARN_64_TO_32_BIT_CONVERSION = YES;
				GCC_WARN_ABOUT_RETURN_TYPE = YES_ERROR;
				GCC_WARN_UNDECLARED_SELECTOR = YES;
				GCC_WARN_UNINITIALIZED_AUTOS = YES_AGGRESSIVE;
				GCC_WARN_UNUSED_FUNCTION = YES;
				GCC_WARN_UNUSED_VARIABLE = YES;
				IPHONEOS_DEPLOYMENT_TARGET = 12.2;
				MTL_ENABLE_DEBUG_INFO = INCLUDE_SOURCE;
				MTL_FAST_MATH = YES;
				ONLY_ACTIVE_ARCH = YES;
				SDKROOT = iphoneos;
			};
			name = Debug;
		};
		F9D3093622F3B07F009B2A7A /* Release */ = {
			isa = XCBuildConfiguration;
			buildSettings = {
				ALWAYS_SEARCH_USER_PATHS = NO;
				CLANG_ANALYZER_NONNULL = YES;
				CLANG_ANALYZER_NUMBER_OBJECT_CONVERSION = YES_AGGRESSIVE;
				CLANG_CXX_LANGUAGE_STANDARD = "gnu++14";
				CLANG_CXX_LIBRARY = "libc++";
				CLANG_ENABLE_MODULES = YES;
				CLANG_ENABLE_OBJC_ARC = YES;
				CLANG_ENABLE_OBJC_WEAK = YES;
				CLANG_WARN_BLOCK_CAPTURE_AUTORELEASING = YES;
				CLANG_WARN_BOOL_CONVERSION = YES;
				CLANG_WARN_COMMA = YES;
				CLANG_WARN_CONSTANT_CONVERSION = YES;
				CLANG_WARN_DEPRECATED_OBJC_IMPLEMENTATIONS = YES;
				CLANG_WARN_DIRECT_OBJC_ISA_USAGE = YES_ERROR;
				CLANG_WARN_DOCUMENTATION_COMMENTS = YES;
				CLANG_WARN_EMPTY_BODY = YES;
				CLANG_WARN_ENUM_CONVERSION = YES;
				CLANG_WARN_INFINITE_RECURSION = YES;
				CLANG_WARN_INT_CONVERSION = YES;
				CLANG_WARN_NON_LITERAL_NULL_CONVERSION = YES;
				CLANG_WARN_OBJC_IMPLICIT_RETAIN_SELF = YES;
				CLANG_WARN_OBJC_LITERAL_CONVERSION = YES;
				CLANG_WARN_OBJC_ROOT_CLASS = YES_ERROR;
				CLANG_WARN_RANGE_LOOP_ANALYSIS = YES;
				CLANG_WARN_STRICT_PROTOTYPES = YES;
				CLANG_WARN_SUSPICIOUS_MOVE = YES;
				CLANG_WARN_UNGUARDED_AVAILABILITY = YES_AGGRESSIVE;
				CLANG_WARN_UNREACHABLE_CODE = YES;
				CLANG_WARN__DUPLICATE_METHOD_MATCH = YES;
				CODE_SIGN_IDENTITY = "iPhone Developer";
				COPY_PHASE_STRIP = NO;
				DEBUG_INFORMATION_FORMAT = "dwarf-with-dsym";
				ENABLE_NS_ASSERTIONS = NO;
				ENABLE_STRICT_OBJC_MSGSEND = YES;
				GCC_C_LANGUAGE_STANDARD = gnu11;
				GCC_NO_COMMON_BLOCKS = YES;
				GCC_WARN_64_TO_32_BIT_CONVERSION = YES;
				GCC_WARN_ABOUT_RETURN_TYPE = YES_ERROR;
				GCC_WARN_UNDECLARED_SELECTOR = YES;
				GCC_WARN_UNINITIALIZED_AUTOS = YES_AGGRESSIVE;
				GCC_WARN_UNUSED_FUNCTION = YES;
				GCC_WARN_UNUSED_VARIABLE = YES;
				IPHONEOS_DEPLOYMENT_TARGET = 12.2;
				MTL_ENABLE_DEBUG_INFO = NO;
				MTL_FAST_MATH = YES;
				SDKROOT = iphoneos;
				VALIDATE_PRODUCT = YES;
			};
			name = Release;
		};
		F9D3093822F3B07F009B2A7A /* Debug */ = {
			isa = XCBuildConfiguration;
			baseConfigurationReference = 81603795F6E08C8C320257A1 /* Pods-ZHYNSTimerDemo.debug.xcconfig */;
			buildSettings = {
				ASSETCATALOG_COMPILER_APPICON_NAME = AppIcon;
				CODE_SIGN_STYLE = Automatic;
				DEVELOPMENT_TEAM = 7LJJLZ2XH6;
				INFOPLIST_FILE = ZHYNSTimerDemo/Info.plist;
				LD_RUNPATH_SEARCH_PATHS = (
					"$(inherited)",
					"@executable_path/Frameworks",
				);
				PRODUCT_BUNDLE_IDENTIFIER = gongzuo.ZHYNSTimerDemo;
				PRODUCT_NAME = "$(TARGET_NAME)";
				TARGETED_DEVICE_FAMILY = "1,2";
			};
			name = Debug;
		};
		F9D3093922F3B07F009B2A7A /* Release */ = {
			isa = XCBuildConfiguration;
			baseConfigurationReference = 1C4B2410B99DC2E489133E50 /* Pods-ZHYNSTimerDemo.release.xcconfig */;
			buildSettings = {
				ASSETCATALOG_COMPILER_APPICON_NAME = AppIcon;
				CODE_SIGN_STYLE = Automatic;
				DEVELOPMENT_TEAM = 7LJJLZ2XH6;
				INFOPLIST_FILE = ZHYNSTimerDemo/Info.plist;
				LD_RUNPATH_SEARCH_PATHS = (
					"$(inherited)",
					"@executable_path/Frameworks",
				);
				PRODUCT_BUNDLE_IDENTIFIER = gongzuo.ZHYNSTimerDemo;
				PRODUCT_NAME = "$(TARGET_NAME)";
				TARGETED_DEVICE_FAMILY = "1,2";
			};
			name = Release;
		};
/* End XCBuildConfiguration section */

/* Begin XCConfigurationList section */
		F9D3091C22F3B07E009B2A7A /* Build configuration list for PBXProject "ZHYNSTimerDemo" */ = {
			isa = XCConfigurationList;
			buildConfigurations = (
				F9D3093522F3B07F009B2A7A /* Debug */,
				F9D3093622F3B07F009B2A7A /* Release */,
			);
			defaultConfigurationIsVisible = 0;
			defaultConfigurationName = Release;
		};
		F9D3093722F3B07F009B2A7A /* Build configuration list for PBXNativeTarget "ZHYNSTimerDemo" */ = {
			isa = XCConfigurationList;
			buildConfigurations = (
				F9D3093822F3B07F009B2A7A /* Debug */,
				F9D3093922F3B07F009B2A7A /* Release */,
			);
			defaultConfigurationIsVisible = 0;
			defaultConfigurationName = Release;
		};
/* End XCConfigurationList section */
	};
	rootObject = F9D3091922F3B07E009B2A7A /* Project object */;
}
